
Microsoft Visual Studio Solution File, Format Version 11.00
# Visual Studio 2010

Project("{FAE04EC0-301F-11D3-BF4B-00C04F79EFBC}") = "CodeEditor.Text.Data", "src\CodeEditor.Text.Data\CodeEditor.Text.Data.csproj", "{5B2491E7-A751-C355-297F-509403E5A7BA}"
EndProject

Project("{FAE04EC0-301F-11D3-BF4B-00C04F79EFBC}") = "CodeEditor.Text.Logic", "src\CodeEditor.Text.Logic\CodeEditor.Text.Logic.csproj", "{0086EDE0-4744-C2B7-520B-A15C15069463}"
EndProject

Project("{FAE04EC0-301F-11D3-BF4B-00C04F79EFBC}") = "CodeEditor.Text.UI", "src\CodeEditor.Text.UI\CodeEditor.Text.UI.csproj", "{CA457554-4BEA-54AA-4F97-63D66F3970E6}"
EndProject

Project("{FAE04EC0-301F-11D3-BF4B-00C04F79EFBC}") = "CodeEditor.Text.UI.Unity.Editor", "src\CodeEditor.Text.UI.Unity.Editor\CodeEditor.Text.UI.Unity.Editor.csproj", "{C9F1637E-BA1E-A55A-3E09-531BF9C0535B}"
EndProject

Project("{FAE04EC0-301F-11D3-BF4B-00C04F79EFBC}") = "CodeEditor.Text.UI.Unity.Engine", "src\CodeEditor.Text.UI.Unity.Engine\CodeEditor.Text.UI.Unity.Engine.csproj", "{3A6DB612-FB06-15B1-9095-E5EA56D0A612}"
EndProject

Project("{FAE04EC0-301F-11D3-BF4B-00C04F79EFBC}") = "CodeEditor.Collections", "src\CodeEditor.Collections\CodeEditor.Collections.csproj", "{56A3FC7A-E320-BB71-D8C7-DDB1DBB5FDAB}"
EndProject

Project("{FAE04EC0-301F-11D3-BF4B-00C04F79EFBC}") = "CodeEditor.Composition", "src\CodeEditor.Composition\CodeEditor.Composition.csproj", "{58FB57AC-D851-1FC2-D877-123C5ED6EED6}"
EndProject

Project("{FAE04EC0-301F-11D3-BF4B-00C04F79EFBC}") = "CodeEditor.Composition.Client", "src\CodeEditor.Composition.Client\CodeEditor.Composition.Client.csproj", "{0BCBAEE3-389C-72A2-EE80-B637B4BDD42F}"
EndProject

Project("{FAE04EC0-301F-11D3-BF4B-00C04F79EFBC}") = "CodeEditor.Composition.Server", "src\CodeEditor.Composition.Server\CodeEditor.Composition.Server.csproj", "{83679312-40BB-624D-EB8A-AF5309EC5949}"
EndProject

Project("{FAE04EC0-301F-11D3-BF4B-00C04F79EFBC}") = "CodeEditor.IO", "src\CodeEditor.IO\CodeEditor.IO.csproj", "{8C1EC698-8F7D-54F4-7B6B-6ED15D8D18E7}"
EndProject

Project("{FAE04EC0-301F-11D3-BF4B-00C04F79EFBC}") = "CodeEditor.Testing", "src\CodeEditor.Testing\CodeEditor.Testing.csproj", "{830610FF-B035-B844-22CE-D1606FF8A8C6}"
EndProject

Project("{FAE04EC0-301F-11D3-BF4B-00C04F79EFBC}") = "CodeEditor.Languages.Boo", "src\CodeEditor.Languages.Boo\CodeEditor.Languages.Boo.csproj", "{F625DC4A-0637-E5F4-8B3F-8E8FAD028173}"
EndProject

Project("{FAE04EC0-301F-11D3-BF4B-00C04F79EFBC}") = "CodeEditor.Languages.CSharp", "src\CodeEditor.Languages.CSharp\CodeEditor.Languages.CSharp.csproj", "{5D85BF7B-4DEC-725A-5E24-77402AB49B6A}"
EndProject

Project("{FAE04EC0-301F-11D3-BF4B-00C04F79EFBC}") = "CodeEditor.Languages.Common", "src\CodeEditor.Languages.Common\CodeEditor.Languages.Common.csproj", "{28889557-A438-D250-EDC6-8413E1E484D7}"
EndProject

Project("{FAE04EC0-301F-11D3-BF4B-00C04F79EFBC}") = "CodeEditor.Languages.UnityScript", "src\CodeEditor.Languages.UnityScript\CodeEditor.Languages.UnityScript.csproj", "{999E71F2-B660-5B85-F2B0-735B9529F9C2}"
EndProject

Project("{FAE04EC0-301F-11D3-BF4B-00C04F79EFBC}") = "CodeEditor.Collections.Tests", "src\CodeEditor.Collections.Tests\CodeEditor.Collections.Tests.csproj", "{F9FB768A-B283-A55E-7148-CF180B1769C9}"
EndProject

Project("{FAE04EC0-301F-11D3-BF4B-00C04F79EFBC}") = "CodeEditor.Composition.Client.Tests", "src\CodeEditor.Composition.Client.Tests\CodeEditor.Composition.Client.Tests.csproj", "{4E90E2E1-CC75-02A8-F2FA-DB540A638EFE}"
EndProject

Project("{FAE04EC0-301F-11D3-BF4B-00C04F79EFBC}") = "CodeEditor.Composition.Client.Tests.Fixtures", "src\CodeEditor.Composition.Client.Tests.Fixtures\CodeEditor.Composition.Client.Tests.Fixtures.csproj", "{8A8162C9-A678-C91A-8EF2-DA579B15154F}"
EndProject

Project("{FAE04EC0-301F-11D3-BF4B-00C04F79EFBC}") = "CodeEditor.Composition.Tests", "src\CodeEditor.Composition.Tests\CodeEditor.Composition.Tests.csproj", "{F6176C8C-5C6F-8AE6-225A-ED6169C11685}"
EndProject

Project("{FAE04EC0-301F-11D3-BF4B-00C04F79EFBC}") = "CodeEditor.Languages.Common.Tests", "src\CodeEditor.Languages.Common.Tests\CodeEditor.Languages.Common.Tests.csproj", "{173EC652-E77F-01D4-7CCF-F70FABA74951}"
EndProject

Project("{FAE04EC0-301F-11D3-BF4B-00C04F79EFBC}") = "CodeEditor.Languages.UnityScript.Tests", "src\CodeEditor.Languages.UnityScript.Tests\CodeEditor.Languages.UnityScript.Tests.csproj", "{8A277991-E553-CB48-9C2D-0074400B7B9B}"
EndProject

Project("{FAE04EC0-301F-11D3-BF4B-00C04F79EFBC}") = "CodeEditor.Text.Data.Tests", "src\CodeEditor.Text.Data.Tests\CodeEditor.Text.Data.Tests.csproj", "{D60B8475-ADE9-0BDC-5FB9-AEC12B3CD645}"
EndProject

Project("{FAE04EC0-301F-11D3-BF4B-00C04F79EFBC}") = "CodeEditor.Text.Logic.Tests", "src\CodeEditor.Text.Logic.Tests\CodeEditor.Text.Logic.Tests.csproj", "{33F077EC-40B6-DB48-DCBF-1A0B0C5C382C}"
EndProject

Project("{FAE04EC0-301F-11D3-BF4B-00C04F79EFBC}") = "CodeEditor.Text.UI.Tests", "src\CodeEditor.Text.UI.Tests\CodeEditor.Text.UI.Tests.csproj", "{70F4436E-4FE3-8DA9-1A3C-FEDAEB59F1EC}"
EndProject

Project("{FAE04EC0-301F-11D3-BF4B-00C04F79EFBC}") = "CodeEditor.Text.UI.Unity.Editor.Tests", "src\CodeEditor.Text.UI.Unity.Editor.Tests\CodeEditor.Text.UI.Unity.Editor.Tests.csproj", "{256F6043-AEF1-4CBB-5D00-7D9AF17BF356}"
EndProject

Project("{FAE04EC0-301F-11D3-BF4B-00C04F79EFBC}") = "CodeEditor.Text.UI.Unity.Engine.Tests", "src\CodeEditor.Text.UI.Unity.Engine.Tests\CodeEditor.Text.UI.Unity.Engine.Tests.csproj", "{81F3F486-E826-15BB-DC24-2A429BF71492}"
EndProject


Project("{2150E333-8FDC-42A3-9474-1A3956D46DE8}") = "Frameworks", "Frameworks", "{04FB5DF5-9766-A985-2E5D-D2D0430CA27E}"
EndProject

Project("{2150E333-8FDC-42A3-9474-1A3956D46DE8}") = "Languages", "Languages", "{3A08E2E3-40AB-29FD-9263-AF48193CBF8E}"
EndProject

Project("{2150E333-8FDC-42A3-9474-1A3956D46DE8}") = "Tests", "Tests", "{90792DE5-2961-C341-18F9-76EBE4AF3A75}"
EndProject

Global
	GlobalSection(SolutionConfigurationPlatforms) = preSolution
		Debug|Any CPU = Debug|Any CPU
		Release|Any CPU = Release|Any CPU
	EndGlobalSection
	GlobalSection(ProjectConfigurationPlatforms) = postSolution
		
		{5B2491E7-A751-C355-297F-509403E5A7BA}.Debug|Any CPU.ActiveCfg = Debug|Any CPU
		{5B2491E7-A751-C355-297F-509403E5A7BA}.Debug|Any CPU.Build.0 = Debug|Any CPU
		{5B2491E7-A751-C355-297F-509403E5A7BA}.Release|Any CPU.ActiveCfg = Release|Any CPU
		{5B2491E7-A751-C355-297F-509403E5A7BA}.Release|Any CPU.Build.0 = Release|Any CPU
		
		{0086EDE0-4744-C2B7-520B-A15C15069463}.Debug|Any CPU.ActiveCfg = Debug|Any CPU
		{0086EDE0-4744-C2B7-520B-A15C15069463}.Debug|Any CPU.Build.0 = Debug|Any CPU
		{0086EDE0-4744-C2B7-520B-A15C15069463}.Release|Any CPU.ActiveCfg = Release|Any CPU
		{0086EDE0-4744-C2B7-520B-A15C15069463}.Release|Any CPU.Build.0 = Release|Any CPU
		
		{CA457554-4BEA-54AA-4F97-63D66F3970E6}.Debug|Any CPU.ActiveCfg = Debug|Any CPU
		{CA457554-4BEA-54AA-4F97-63D66F3970E6}.Debug|Any CPU.Build.0 = Debug|Any CPU
		{CA457554-4BEA-54AA-4F97-63D66F3970E6}.Release|Any CPU.ActiveCfg = Release|Any CPU
		{CA457554-4BEA-54AA-4F97-63D66F3970E6}.Release|Any CPU.Build.0 = Release|Any CPU
		
		{C9F1637E-BA1E-A55A-3E09-531BF9C0535B}.Debug|Any CPU.ActiveCfg = Debug|Any CPU
		{C9F1637E-BA1E-A55A-3E09-531BF9C0535B}.Debug|Any CPU.Build.0 = Debug|Any CPU
		{C9F1637E-BA1E-A55A-3E09-531BF9C0535B}.Release|Any CPU.ActiveCfg = Release|Any CPU
		{C9F1637E-BA1E-A55A-3E09-531BF9C0535B}.Release|Any CPU.Build.0 = Release|Any CPU
		
		{3A6DB612-FB06-15B1-9095-E5EA56D0A612}.Debug|Any CPU.ActiveCfg = Debug|Any CPU
		{3A6DB612-FB06-15B1-9095-E5EA56D0A612}.Debug|Any CPU.Build.0 = Debug|Any CPU
		{3A6DB612-FB06-15B1-9095-E5EA56D0A612}.Release|Any CPU.ActiveCfg = Release|Any CPU
		{3A6DB612-FB06-15B1-9095-E5EA56D0A612}.Release|Any CPU.Build.0 = Release|Any CPU
		
		{56A3FC7A-E320-BB71-D8C7-DDB1DBB5FDAB}.Debug|Any CPU.ActiveCfg = Debug|Any CPU
		{56A3FC7A-E320-BB71-D8C7-DDB1DBB5FDAB}.Debug|Any CPU.Build.0 = Debug|Any CPU
		{56A3FC7A-E320-BB71-D8C7-DDB1DBB5FDAB}.Release|Any CPU.ActiveCfg = Release|Any CPU
		{56A3FC7A-E320-BB71-D8C7-DDB1DBB5FDAB}.Release|Any CPU.Build.0 = Release|Any CPU
		
		{58FB57AC-D851-1FC2-D877-123C5ED6EED6}.Debug|Any CPU.ActiveCfg = Debug|Any CPU
		{58FB57AC-D851-1FC2-D877-123C5ED6EED6}.Debug|Any CPU.Build.0 = Debug|Any CPU
		{58FB57AC-D851-1FC2-D877-123C5ED6EED6}.Release|Any CPU.ActiveCfg = Release|Any CPU
		{58FB57AC-D851-1FC2-D877-123C5ED6EED6}.Release|Any CPU.Build.0 = Release|Any CPU
		
		{0BCBAEE3-389C-72A2-EE80-B637B4BDD42F}.Debug|Any CPU.ActiveCfg = Debug|Any CPU
		{0BCBAEE3-389C-72A2-EE80-B637B4BDD42F}.Debug|Any CPU.Build.0 = Debug|Any CPU
		{0BCBAEE3-389C-72A2-EE80-B637B4BDD42F}.Release|Any CPU.ActiveCfg = Release|Any CPU
		{0BCBAEE3-389C-72A2-EE80-B637B4BDD42F}.Release|Any CPU.Build.0 = Release|Any CPU
		
		{83679312-40BB-624D-EB8A-AF5309EC5949}.Debug|Any CPU.ActiveCfg = Debug|Any CPU
		{83679312-40BB-624D-EB8A-AF5309EC5949}.Debug|Any CPU.Build.0 = Debug|Any CPU
		{83679312-40BB-624D-EB8A-AF5309EC5949}.Release|Any CPU.ActiveCfg = Release|Any CPU
		{83679312-40BB-624D-EB8A-AF5309EC5949}.Release|Any CPU.Build.0 = Release|Any CPU
		
		{8C1EC698-8F7D-54F4-7B6B-6ED15D8D18E7}.Debug|Any CPU.ActiveCfg = Debug|Any CPU
		{8C1EC698-8F7D-54F4-7B6B-6ED15D8D18E7}.Debug|Any CPU.Build.0 = Debug|Any CPU
		{8C1EC698-8F7D-54F4-7B6B-6ED15D8D18E7}.Release|Any CPU.ActiveCfg = Release|Any CPU
		{8C1EC698-8F7D-54F4-7B6B-6ED15D8D18E7}.Release|Any CPU.Build.0 = Release|Any CPU
		
		{830610FF-B035-B844-22CE-D1606FF8A8C6}.Debug|Any CPU.ActiveCfg = Debug|Any CPU
		{830610FF-B035-B844-22CE-D1606FF8A8C6}.Debug|Any CPU.Build.0 = Debug|Any CPU
		{830610FF-B035-B844-22CE-D1606FF8A8C6}.Release|Any CPU.ActiveCfg = Release|Any CPU
		{830610FF-B035-B844-22CE-D1606FF8A8C6}.Release|Any CPU.Build.0 = Release|Any CPU
		
		{F625DC4A-0637-E5F4-8B3F-8E8FAD028173}.Debug|Any CPU.ActiveCfg = Debug|Any CPU
		{F625DC4A-0637-E5F4-8B3F-8E8FAD028173}.Debug|Any CPU.Build.0 = Debug|Any CPU
		{F625DC4A-0637-E5F4-8B3F-8E8FAD028173}.Release|Any CPU.ActiveCfg = Release|Any CPU
		{F625DC4A-0637-E5F4-8B3F-8E8FAD028173}.Release|Any CPU.Build.0 = Release|Any CPU
		
		{5D85BF7B-4DEC-725A-5E24-77402AB49B6A}.Debug|Any CPU.ActiveCfg = Debug|Any CPU
		{5D85BF7B-4DEC-725A-5E24-77402AB49B6A}.Debug|Any CPU.Build.0 = Debug|Any CPU
		{5D85BF7B-4DEC-725A-5E24-77402AB49B6A}.Release|Any CPU.ActiveCfg = Release|Any CPU
		{5D85BF7B-4DEC-725A-5E24-77402AB49B6A}.Release|Any CPU.Build.0 = Release|Any CPU
		
		{28889557-A438-D250-EDC6-8413E1E484D7}.Debug|Any CPU.ActiveCfg = Debug|Any CPU
		{28889557-A438-D250-EDC6-8413E1E484D7}.Debug|Any CPU.Build.0 = Debug|Any CPU
		{28889557-A438-D250-EDC6-8413E1E484D7}.Release|Any CPU.ActiveCfg = Release|Any CPU
		{28889557-A438-D250-EDC6-8413E1E484D7}.Release|Any CPU.Build.0 = Release|Any CPU
		
		{999E71F2-B660-5B85-F2B0-735B9529F9C2}.Debug|Any CPU.ActiveCfg = Debug|Any CPU
		{999E71F2-B660-5B85-F2B0-735B9529F9C2}.Debug|Any CPU.Build.0 = Debug|Any CPU
		{999E71F2-B660-5B85-F2B0-735B9529F9C2}.Release|Any CPU.ActiveCfg = Release|Any CPU
		{999E71F2-B660-5B85-F2B0-735B9529F9C2}.Release|Any CPU.Build.0 = Release|Any CPU
		
		{F9FB768A-B283-A55E-7148-CF180B1769C9}.Debug|Any CPU.ActiveCfg = Debug|Any CPU
		{F9FB768A-B283-A55E-7148-CF180B1769C9}.Debug|Any CPU.Build.0 = Debug|Any CPU
		{F9FB768A-B283-A55E-7148-CF180B1769C9}.Release|Any CPU.ActiveCfg = Release|Any CPU
		{F9FB768A-B283-A55E-7148-CF180B1769C9}.Release|Any CPU.Build.0 = Release|Any CPU
		
		{4E90E2E1-CC75-02A8-F2FA-DB540A638EFE}.Debug|Any CPU.ActiveCfg = Debug|Any CPU
		{4E90E2E1-CC75-02A8-F2FA-DB540A638EFE}.Debug|Any CPU.Build.0 = Debug|Any CPU
		{4E90E2E1-CC75-02A8-F2FA-DB540A638EFE}.Release|Any CPU.ActiveCfg = Release|Any CPU
		{4E90E2E1-CC75-02A8-F2FA-DB540A638EFE}.Release|Any CPU.Build.0 = Release|Any CPU
		
		{8A8162C9-A678-C91A-8EF2-DA579B15154F}.Debug|Any CPU.ActiveCfg = Debug|Any CPU
		{8A8162C9-A678-C91A-8EF2-DA579B15154F}.Debug|Any CPU.Build.0 = Debug|Any CPU
		{8A8162C9-A678-C91A-8EF2-DA579B15154F}.Release|Any CPU.ActiveCfg = Release|Any CPU
		{8A8162C9-A678-C91A-8EF2-DA579B15154F}.Release|Any CPU.Build.0 = Release|Any CPU
		
		{F6176C8C-5C6F-8AE6-225A-ED6169C11685}.Debug|Any CPU.ActiveCfg = Debug|Any CPU
		{F6176C8C-5C6F-8AE6-225A-ED6169C11685}.Debug|Any CPU.Build.0 = Debug|Any CPU
		{F6176C8C-5C6F-8AE6-225A-ED6169C11685}.Release|Any CPU.ActiveCfg = Release|Any CPU
		{F6176C8C-5C6F-8AE6-225A-ED6169C11685}.Release|Any CPU.Build.0 = Release|Any CPU
		
		{173EC652-E77F-01D4-7CCF-F70FABA74951}.Debug|Any CPU.ActiveCfg = Debug|Any CPU
		{173EC652-E77F-01D4-7CCF-F70FABA74951}.Debug|Any CPU.Build.0 = Debug|Any CPU
		{173EC652-E77F-01D4-7CCF-F70FABA74951}.Release|Any CPU.ActiveCfg = Release|Any CPU
		{173EC652-E77F-01D4-7CCF-F70FABA74951}.Release|Any CPU.Build.0 = Release|Any CPU
		
		{8A277991-E553-CB48-9C2D-0074400B7B9B}.Debug|Any CPU.ActiveCfg = Debug|Any CPU
		{8A277991-E553-CB48-9C2D-0074400B7B9B}.Debug|Any CPU.Build.0 = Debug|Any CPU
		{8A277991-E553-CB48-9C2D-0074400B7B9B}.Release|Any CPU.ActiveCfg = Release|Any CPU
		{8A277991-E553-CB48-9C2D-0074400B7B9B}.Release|Any CPU.Build.0 = Release|Any CPU
		
		{D60B8475-ADE9-0BDC-5FB9-AEC12B3CD645}.Debug|Any CPU.ActiveCfg = Debug|Any CPU
		{D60B8475-ADE9-0BDC-5FB9-AEC12B3CD645}.Debug|Any CPU.Build.0 = Debug|Any CPU
		{D60B8475-ADE9-0BDC-5FB9-AEC12B3CD645}.Release|Any CPU.ActiveCfg = Release|Any CPU
		{D60B8475-ADE9-0BDC-5FB9-AEC12B3CD645}.Release|Any CPU.Build.0 = Release|Any CPU
		
		{33F077EC-40B6-DB48-DCBF-1A0B0C5C382C}.Debug|Any CPU.ActiveCfg = Debug|Any CPU
		{33F077EC-40B6-DB48-DCBF-1A0B0C5C382C}.Debug|Any CPU.Build.0 = Debug|Any CPU
		{33F077EC-40B6-DB48-DCBF-1A0B0C5C382C}.Release|Any CPU.ActiveCfg = Release|Any CPU
		{33F077EC-40B6-DB48-DCBF-1A0B0C5C382C}.Release|Any CPU.Build.0 = Release|Any CPU
		
		{70F4436E-4FE3-8DA9-1A3C-FEDAEB59F1EC}.Debug|Any CPU.ActiveCfg = Debug|Any CPU
		{70F4436E-4FE3-8DA9-1A3C-FEDAEB59F1EC}.Debug|Any CPU.Build.0 = Debug|Any CPU
		{70F4436E-4FE3-8DA9-1A3C-FEDAEB59F1EC}.Release|Any CPU.ActiveCfg = Release|Any CPU
		{70F4436E-4FE3-8DA9-1A3C-FEDAEB59F1EC}.Release|Any CPU.Build.0 = Release|Any CPU
		
		{256F6043-AEF1-4CBB-5D00-7D9AF17BF356}.Debug|Any CPU.ActiveCfg = Debug|Any CPU
		{256F6043-AEF1-4CBB-5D00-7D9AF17BF356}.Debug|Any CPU.Build.0 = Debug|Any CPU
		{256F6043-AEF1-4CBB-5D00-7D9AF17BF356}.Release|Any CPU.ActiveCfg = Release|Any CPU
		{256F6043-AEF1-4CBB-5D00-7D9AF17BF356}.Release|Any CPU.Build.0 = Release|Any CPU
		
		{81F3F486-E826-15BB-DC24-2A429BF71492}.Debug|Any CPU.ActiveCfg = Debug|Any CPU
		{81F3F486-E826-15BB-DC24-2A429BF71492}.Debug|Any CPU.Build.0 = Debug|Any CPU
		{81F3F486-E826-15BB-DC24-2A429BF71492}.Release|Any CPU.ActiveCfg = Release|Any CPU
		{81F3F486-E826-15BB-DC24-2A429BF71492}.Release|Any CPU.Build.0 = Release|Any CPU
		
	EndGlobalSection
	GlobalSection(SolutionProperties) = preSolution
		HideSolutionNode = FALSE
	EndGlobalSection
	GlobalSection(NestedProjects) = preSolution
	
		{56A3FC7A-E320-BB71-D8C7-DDB1DBB5FDAB} = {04FB5DF5-9766-A985-2E5D-D2D0430CA27E}
	
		{58FB57AC-D851-1FC2-D877-123C5ED6EED6} = {04FB5DF5-9766-A985-2E5D-D2D0430CA27E}
	
		{0BCBAEE3-389C-72A2-EE80-B637B4BDD42F} = {04FB5DF5-9766-A985-2E5D-D2D0430CA27E}
	
		{83679312-40BB-624D-EB8A-AF5309EC5949} = {04FB5DF5-9766-A985-2E5D-D2D0430CA27E}
	
		{8C1EC698-8F7D-54F4-7B6B-6ED15D8D18E7} = {04FB5DF5-9766-A985-2E5D-D2D0430CA27E}
	
		{830610FF-B035-B844-22CE-D1606FF8A8C6} = {04FB5DF5-9766-A985-2E5D-D2D0430CA27E}
	
		{F625DC4A-0637-E5F4-8B3F-8E8FAD028173} = {3A08E2E3-40AB-29FD-9263-AF48193CBF8E}
	
		{5D85BF7B-4DEC-725A-5E24-77402AB49B6A} = {3A08E2E3-40AB-29FD-9263-AF48193CBF8E}
	
		{28889557-A438-D250-EDC6-8413E1E484D7} = {3A08E2E3-40AB-29FD-9263-AF48193CBF8E}
	
		{999E71F2-B660-5B85-F2B0-735B9529F9C2} = {3A08E2E3-40AB-29FD-9263-AF48193CBF8E}
	
		{F9FB768A-B283-A55E-7148-CF180B1769C9} = {90792DE5-2961-C341-18F9-76EBE4AF3A75}
	
		{4E90E2E1-CC75-02A8-F2FA-DB540A638EFE} = {90792DE5-2961-C341-18F9-76EBE4AF3A75}
	
		{8A8162C9-A678-C91A-8EF2-DA579B15154F} = {90792DE5-2961-C341-18F9-76EBE4AF3A75}
	
		{F6176C8C-5C6F-8AE6-225A-ED6169C11685} = {90792DE5-2961-C341-18F9-76EBE4AF3A75}
	
		{173EC652-E77F-01D4-7CCF-F70FABA74951} = {90792DE5-2961-C341-18F9-76EBE4AF3A75}
	
		{8A277991-E553-CB48-9C2D-0074400B7B9B} = {90792DE5-2961-C341-18F9-76EBE4AF3A75}
	
		{D60B8475-ADE9-0BDC-5FB9-AEC12B3CD645} = {90792DE5-2961-C341-18F9-76EBE4AF3A75}
	
		{33F077EC-40B6-DB48-DCBF-1A0B0C5C382C} = {90792DE5-2961-C341-18F9-76EBE4AF3A75}
	
		{70F4436E-4FE3-8DA9-1A3C-FEDAEB59F1EC} = {90792DE5-2961-C341-18F9-76EBE4AF3A75}
	
		{256F6043-AEF1-4CBB-5D00-7D9AF17BF356} = {90792DE5-2961-C341-18F9-76EBE4AF3A75}
	
		{81F3F486-E826-15BB-DC24-2A429BF71492} = {90792DE5-2961-C341-18F9-76EBE4AF3A75}
	
	EndGlobalSection
EndGlobal
